
Microsoft Visual Studio Solution File, Format Version 12.00
# Visual Studio Version 16
VisualStudioVersion = 16.0.30611.23
MinimumVisualStudioVersion = 10.0.40219.1
Project("{FAE04EC0-301F-11D3-BF4B-00C04F79EFBC}") = "PlanIt", "PlanIt.csproj", "{0DA8E072-AC61-42DF-ADC4-CEF60B8B375E}"
EndProject
Global
	GlobalSection(SolutionConfigurationPlatforms) = preSolution
		Debug|Any CPU = Debug|Any CPU
		Release|Any CPU = Release|Any CPU
	EndGlobalSection
	GlobalSection(ProjectConfigurationPlatforms) = postSolution
		{0DA8E072-AC61-42DF-ADC4-CEF60B8B375E}.Debug|Any CPU.ActiveCfg = Debug|Any CPU
		{0DA8E072-AC61-42DF-ADC4-CEF60B8B375E}.Debug|Any CPU.Build.0 = Debug|Any CPU
		{0DA8E072-AC61-42DF-ADC4-CEF60B8B375E}.Release|Any CPU.ActiveCfg = Release|Any CPU
		{0DA8E072-AC61-42DF-ADC4-CEF60B8B375E}.Release|Any CPU.Build.0 = Release|Any CPU
	EndGlobalSection
	GlobalSection(SolutionProperties) = preSolution
		HideSolutionNode = FALSE
	EndGlobalSection
	GlobalSection(ExtensibilityGlobals) = postSolution
		SolutionGuid = {11038B99-62A4-4C04-8AFF-E9627F00D903}
	EndGlobalSection
EndGlobal
